
Microsoft Visual Studio Solution File, Format Version 12.00
# Visual Studio Version 16
VisualStudioVersion = 16.0.31129.286
MinimumVisualStudioVersion = 10.0.40219.1
Project("{2150E333-8FDC-42A3-9474-1A3956D46DE8}") = "Usuarios", "Usuarios", "{7FAC0EA0-BB71-408E-982E-F3678FC550AE}"
EndProject
Project("{2150E333-8FDC-42A3-9474-1A3956D46DE8}") = "Carteiras", "Carteiras", "{5A016AE6-9E14-442C-859C-297090009FA8}"
EndProject
Project("{2150E333-8FDC-42A3-9474-1A3956D46DE8}") = "ProdutosEServicos", "ProdutosEServicos", "{6DAD671D-B4A2-4333-BC62-35FD38BBEA1F}"
EndProject
Project("{2150E333-8FDC-42A3-9474-1A3956D46DE8}") = "1.Hosts", "1.Hosts", "{8216BCC6-B44B-4A10-8A61-B0BBA9C95906}"
EndProject
Project("{2150E333-8FDC-42A3-9474-1A3956D46DE8}") = "2.Application", "2.Application", "{F6AA9975-C54C-47DE-859B-490F41EB6919}"
EndProject
Project("{2150E333-8FDC-42A3-9474-1A3956D46DE8}") = "3.Domain", "3.Domain", "{91332CF1-6B9A-40B7-A602-55DD530B5B34}"
EndProject
Project("{2150E333-8FDC-42A3-9474-1A3956D46DE8}") = "4.Infra", "4.Infra", "{8544A4EA-E322-4329-A5D4-7876D6F0ADD1}"
EndProject
Project("{2150E333-8FDC-42A3-9474-1A3956D46DE8}") = "1.Hosts", "1.Hosts", "{F85AFB03-DBD5-4DCD-9E30-A7E4F6FBA8F6}"
EndProject
Project("{2150E333-8FDC-42A3-9474-1A3956D46DE8}") = "2.Application", "2.Application", "{5D46D904-4F15-458E-83B3-ED4584A382A2}"
EndProject
Project("{2150E333-8FDC-42A3-9474-1A3956D46DE8}") = "3.Domain", "3.Domain", "{8D03C6CE-0CB5-4A92-AA4E-314CBAEFF898}"
EndProject
Project("{2150E333-8FDC-42A3-9474-1A3956D46DE8}") = "4.Infra", "4.Infra", "{65267B00-8DF4-4AF3-AC9E-3B6E78D42B69}"
EndProject
Project("{2150E333-8FDC-42A3-9474-1A3956D46DE8}") = "1.Hosts", "1.Hosts", "{8861D4A2-6707-441D-9628-8D18AA428AD7}"
EndProject
Project("{2150E333-8FDC-42A3-9474-1A3956D46DE8}") = "2.Application", "2.Application", "{A3ACD97F-EA1D-4263-9C07-13DA15750FE1}"
EndProject
Project("{2150E333-8FDC-42A3-9474-1A3956D46DE8}") = "3.Domain", "3.Domain", "{D677940D-5225-4D05-9C08-41E1478B2F7F}"
EndProject
Project("{2150E333-8FDC-42A3-9474-1A3956D46DE8}") = "4.Infra", "4.Infra", "{004423EE-CEC0-4482-806F-15348C437DF3}"
EndProject
Project("{9A19103F-16F7-4668-BE54-9A1E7A4F7556}") = "Pontoz.Usuarios.Domain", "Pontoz.Usuarios.Domain\Pontoz.Usuarios.Domain.csproj", "{74D8EA50-F3E7-4941-A653-2824E1450517}"
EndProject
Project("{9A19103F-16F7-4668-BE54-9A1E7A4F7556}") = "Pontoz.ProdutosEServicos.Domain", "Pontoz.ProdutosEServicos.Domain\Pontoz.ProdutosEServicos.Domain.csproj", "{B7EBCEB3-3815-48E1-8C95-292482D794AD}"
EndProject
Project("{9A19103F-16F7-4668-BE54-9A1E7A4F7556}") = "Pontoz.Carteiras.Domain", "Pontoz.Carteiras.Domain\Pontoz.Carteiras.Domain.csproj", "{5EF7A0D9-108E-412C-A30E-72B0323C359F}"
EndProject
Project("{9A19103F-16F7-4668-BE54-9A1E7A4F7556}") = "Pontoz.Usuarios.Domain.Tests", "Pontoz.Usuarios.Domain.Tests\Pontoz.Usuarios.Domain.Tests.csproj", "{7F450639-999D-4CA4-96CA-1CC3BD82A263}"
EndProject
Project("{9A19103F-16F7-4668-BE54-9A1E7A4F7556}") = "Pontoz.ProdutosEServicos.Domain.Tests", "Pontoz.ProdutosEServicos.Domain.Tests\Pontoz.ProdutosEServicos.Domain.Tests.csproj", "{D502272B-C231-439A-8561-1EE4D0D93A94}"
EndProject
Project("{9A19103F-16F7-4668-BE54-9A1E7A4F7556}") = "Pontoz.Carteiras.Domain.Tests", "Pontoz.Carteiras.Domain.Tests\Pontoz.Carteiras.Domain.Tests.csproj", "{A0CDDDBB-A7C9-4E3D-8B89-8B83AE11BE55}"
EndProject
Project("{9A19103F-16F7-4668-BE54-9A1E7A4F7556}") = "Pontoz.ProdutosEServicos.AppService", "Pontoz.ProdutosEServicos.AppService\Pontoz.ProdutosEServicos.AppService.csproj", "{DEE1CD8C-0230-49F4-83B5-DC94F52277CC}"
EndProject
Project("{9A19103F-16F7-4668-BE54-9A1E7A4F7556}") = "Pontoz.Carteiras.AppService", "Pontoz.Carteiras.AppService\Pontoz.Carteiras.AppService.csproj", "{55963E98-A6A4-4E7A-8C30-64AE8B973EDC}"
EndProject
Project("{9A19103F-16F7-4668-BE54-9A1E7A4F7556}") = "Pontoz.Carteiras.API", "Pontoz.Carteiras.API\Pontoz.Carteiras.API.csproj", "{1BB5316F-E827-41B1-9640-6E12F4CDF1EE}"
EndProject
Project("{9A19103F-16F7-4668-BE54-9A1E7A4F7556}") = "Pontoz.ProdutosEServicos.API", "Pontoz.ProdutosEServicos.API\Pontoz.ProdutosEServicos.API.csproj", "{0A605ACB-CEB5-4E42-A235-C2A2042D4C11}"
EndProject
Project("{9A19103F-16F7-4668-BE54-9A1E7A4F7556}") = "Pontoz.Usuarios.AppService", "Pontoz.Usuarios.AppService\Pontoz.Usuarios.AppService.csproj", "{2153C5CB-33B3-4AEA-A334-56594C53A297}"
EndProject
Project("{2150E333-8FDC-42A3-9474-1A3956D46DE8}") = "4.1.Data", "4.1.Data", "{0F340F9F-1D01-4CE0-A5B4-3BB5F76CBF1E}"
EndProject
Project("{2150E333-8FDC-42A3-9474-1A3956D46DE8}") = "4.1.Data", "4.1.Data", "{54B11012-89CA-4CBC-A33A-066D43136A58}"
EndProject
Project("{2150E333-8FDC-42A3-9474-1A3956D46DE8}") = "4.1.Data", "4.1.Data", "{479255F8-05CC-4717-9EE9-055E83A17F30}"
EndProject
Project("{9A19103F-16F7-4668-BE54-9A1E7A4F7556}") = "Pontoz.Usuarios.Infra.Data", "Pontoz.Usuarios.Infra.Data\Pontoz.Usuarios.Infra.Data.csproj", "{9715F02A-A4ED-4AA2-8FB7-689F1B66C6FE}"
EndProject
Project("{9A19103F-16F7-4668-BE54-9A1E7A4F7556}") = "Pontoz.ProdutosEServicos.Infra.Data", "Pontoz.ProdutosEServicos.Infra.Data\Pontoz.ProdutosEServicos.Infra.Data.csproj", "{BA25A65D-7754-4885-851E-00B792EF1CED}"
EndProject
Project("{9A19103F-16F7-4668-BE54-9A1E7A4F7556}") = "Pontoz.Carteiras.Infra.Data", "Pontoz.Carteiras.Infra.Data\Pontoz.Carteiras.Infra.Data.csproj", "{AD98CFC3-A812-498D-B6BA-08DA23F2B733}"
EndProject
Project("{FAE04EC0-301F-11D3-BF4B-00C04F79EFBC}") = "Pontoz.Usuarios.Infra.Data.Tests", "Pontoz.Usuarios.Infra.Data.Tests\Pontoz.Usuarios.Infra.Data.Tests.csproj", "{85B63274-B486-4544-8714-C1FE9A3E2E0A}"
EndProject
Project("{FAE04EC0-301F-11D3-BF4B-00C04F79EFBC}") = "Pontoz.ProdutosEServicos.Infra.Data.Tests", "Pontoz.ProdutosEServicos.Infra.Data.Tests\Pontoz.ProdutosEServicos.Infra.Data.Tests.csproj", "{7280FCD8-CB63-4D18-B351-81B28642DE92}"
EndProject
Project("{FAE04EC0-301F-11D3-BF4B-00C04F79EFBC}") = "Pontoz.Carteiras.Infra.Data.Tests", "Pontoz.Carteiras.Infra.Data.Tests\Pontoz.Carteiras.Infra.Data.Tests.csproj", "{3FD48EB5-F96B-4B84-8763-7E90F10ADB67}"
EndProject
Project("{2150E333-8FDC-42A3-9474-1A3956D46DE8}") = "Core", "Core", "{EBB763B0-2A38-48EE-89D5-81B3F4095A8E}"
EndProject
Global
	GlobalSection(SolutionConfigurationPlatforms) = preSolution
		Debug|Any CPU = Debug|Any CPU
		Release|Any CPU = Release|Any CPU
	EndGlobalSection
	GlobalSection(ProjectConfigurationPlatforms) = postSolution
		{74D8EA50-F3E7-4941-A653-2824E1450517}.Debug|Any CPU.ActiveCfg = Debug|Any CPU
		{74D8EA50-F3E7-4941-A653-2824E1450517}.Debug|Any CPU.Build.0 = Debug|Any CPU
		{74D8EA50-F3E7-4941-A653-2824E1450517}.Release|Any CPU.ActiveCfg = Release|Any CPU
		{74D8EA50-F3E7-4941-A653-2824E1450517}.Release|Any CPU.Build.0 = Release|Any CPU
		{B7EBCEB3-3815-48E1-8C95-292482D794AD}.Debug|Any CPU.ActiveCfg = Debug|Any CPU
		{B7EBCEB3-3815-48E1-8C95-292482D794AD}.Debug|Any CPU.Build.0 = Debug|Any CPU
		{B7EBCEB3-3815-48E1-8C95-292482D794AD}.Release|Any CPU.ActiveCfg = Release|Any CPU
		{B7EBCEB3-3815-48E1-8C95-292482D794AD}.Release|Any CPU.Build.0 = Release|Any CPU
		{5EF7A0D9-108E-412C-A30E-72B0323C359F}.Debug|Any CPU.ActiveCfg = Debug|Any CPU
		{5EF7A0D9-108E-412C-A30E-72B0323C359F}.Debug|Any CPU.Build.0 = Debug|Any CPU
		{5EF7A0D9-108E-412C-A30E-72B0323C359F}.Release|Any CPU.ActiveCfg = Release|Any CPU
		{5EF7A0D9-108E-412C-A30E-72B0323C359F}.Release|Any CPU.Build.0 = Release|Any CPU
		{7F450639-999D-4CA4-96CA-1CC3BD82A263}.Debug|Any CPU.ActiveCfg = Debug|Any CPU
		{7F450639-999D-4CA4-96CA-1CC3BD82A263}.Debug|Any CPU.Build.0 = Debug|Any CPU
		{7F450639-999D-4CA4-96CA-1CC3BD82A263}.Release|Any CPU.ActiveCfg = Release|Any CPU
		{7F450639-999D-4CA4-96CA-1CC3BD82A263}.Release|Any CPU.Build.0 = Release|Any CPU
		{D502272B-C231-439A-8561-1EE4D0D93A94}.Debug|Any CPU.ActiveCfg = Debug|Any CPU
		{D502272B-C231-439A-8561-1EE4D0D93A94}.Debug|Any CPU.Build.0 = Debug|Any CPU
		{D502272B-C231-439A-8561-1EE4D0D93A94}.Release|Any CPU.ActiveCfg = Release|Any CPU
		{D502272B-C231-439A-8561-1EE4D0D93A94}.Release|Any CPU.Build.0 = Release|Any CPU
		{A0CDDDBB-A7C9-4E3D-8B89-8B83AE11BE55}.Debug|Any CPU.ActiveCfg = Debug|Any CPU
		{A0CDDDBB-A7C9-4E3D-8B89-8B83AE11BE55}.Debug|Any CPU.Build.0 = Debug|Any CPU
		{A0CDDDBB-A7C9-4E3D-8B89-8B83AE11BE55}.Release|Any CPU.ActiveCfg = Release|Any CPU
		{A0CDDDBB-A7C9-4E3D-8B89-8B83AE11BE55}.Release|Any CPU.Build.0 = Release|Any CPU
		{DEE1CD8C-0230-49F4-83B5-DC94F52277CC}.Debug|Any CPU.ActiveCfg = Debug|Any CPU
		{DEE1CD8C-0230-49F4-83B5-DC94F52277CC}.Debug|Any CPU.Build.0 = Debug|Any CPU
		{DEE1CD8C-0230-49F4-83B5-DC94F52277CC}.Release|Any CPU.ActiveCfg = Release|Any CPU
		{DEE1CD8C-0230-49F4-83B5-DC94F52277CC}.Release|Any CPU.Build.0 = Release|Any CPU
		{55963E98-A6A4-4E7A-8C30-64AE8B973EDC}.Debug|Any CPU.ActiveCfg = Debug|Any CPU
		{55963E98-A6A4-4E7A-8C30-64AE8B973EDC}.Debug|Any CPU.Build.0 = Debug|Any CPU
		{55963E98-A6A4-4E7A-8C30-64AE8B973EDC}.Release|Any CPU.ActiveCfg = Release|Any CPU
		{55963E98-A6A4-4E7A-8C30-64AE8B973EDC}.Release|Any CPU.Build.0 = Release|Any CPU
		{1BB5316F-E827-41B1-9640-6E12F4CDF1EE}.Debug|Any CPU.ActiveCfg = Debug|Any CPU
		{1BB5316F-E827-41B1-9640-6E12F4CDF1EE}.Debug|Any CPU.Build.0 = Debug|Any CPU
		{1BB5316F-E827-41B1-9640-6E12F4CDF1EE}.Release|Any CPU.ActiveCfg = Release|Any CPU
		{1BB5316F-E827-41B1-9640-6E12F4CDF1EE}.Release|Any CPU.Build.0 = Release|Any CPU
		{0A605ACB-CEB5-4E42-A235-C2A2042D4C11}.Debug|Any CPU.ActiveCfg = Debug|Any CPU
		{0A605ACB-CEB5-4E42-A235-C2A2042D4C11}.Debug|Any CPU.Build.0 = Debug|Any CPU
		{0A605ACB-CEB5-4E42-A235-C2A2042D4C11}.Release|Any CPU.ActiveCfg = Release|Any CPU
		{0A605ACB-CEB5-4E42-A235-C2A2042D4C11}.Release|Any CPU.Build.0 = Release|Any CPU
		{2153C5CB-33B3-4AEA-A334-56594C53A297}.Debug|Any CPU.ActiveCfg = Debug|Any CPU
		{2153C5CB-33B3-4AEA-A334-56594C53A297}.Debug|Any CPU.Build.0 = Debug|Any CPU
		{2153C5CB-33B3-4AEA-A334-56594C53A297}.Release|Any CPU.ActiveCfg = Release|Any CPU
		{2153C5CB-33B3-4AEA-A334-56594C53A297}.Release|Any CPU.Build.0 = Release|Any CPU
		{9715F02A-A4ED-4AA2-8FB7-689F1B66C6FE}.Debug|Any CPU.ActiveCfg = Debug|Any CPU
		{9715F02A-A4ED-4AA2-8FB7-689F1B66C6FE}.Debug|Any CPU.Build.0 = Debug|Any CPU
		{9715F02A-A4ED-4AA2-8FB7-689F1B66C6FE}.Release|Any CPU.ActiveCfg = Release|Any CPU
		{9715F02A-A4ED-4AA2-8FB7-689F1B66C6FE}.Release|Any CPU.Build.0 = Release|Any CPU
		{BA25A65D-7754-4885-851E-00B792EF1CED}.Debug|Any CPU.ActiveCfg = Debug|Any CPU
		{BA25A65D-7754-4885-851E-00B792EF1CED}.Debug|Any CPU.Build.0 = Debug|Any CPU
		{BA25A65D-7754-4885-851E-00B792EF1CED}.Release|Any CPU.ActiveCfg = Release|Any CPU
		{BA25A65D-7754-4885-851E-00B792EF1CED}.Release|Any CPU.Build.0 = Release|Any CPU
		{AD98CFC3-A812-498D-B6BA-08DA23F2B733}.Debug|Any CPU.ActiveCfg = Debug|Any CPU
		{AD98CFC3-A812-498D-B6BA-08DA23F2B733}.Debug|Any CPU.Build.0 = Debug|Any CPU
		{AD98CFC3-A812-498D-B6BA-08DA23F2B733}.Release|Any CPU.ActiveCfg = Release|Any CPU
		{AD98CFC3-A812-498D-B6BA-08DA23F2B733}.Release|Any CPU.Build.0 = Release|Any CPU
		{85B63274-B486-4544-8714-C1FE9A3E2E0A}.Debug|Any CPU.ActiveCfg = Debug|Any CPU
		{85B63274-B486-4544-8714-C1FE9A3E2E0A}.Debug|Any CPU.Build.0 = Debug|Any CPU
		{85B63274-B486-4544-8714-C1FE9A3E2E0A}.Release|Any CPU.ActiveCfg = Release|Any CPU
		{85B63274-B486-4544-8714-C1FE9A3E2E0A}.Release|Any CPU.Build.0 = Release|Any CPU
		{7280FCD8-CB63-4D18-B351-81B28642DE92}.Debug|Any CPU.ActiveCfg = Debug|Any CPU
		{7280FCD8-CB63-4D18-B351-81B28642DE92}.Debug|Any CPU.Build.0 = Debug|Any CPU
		{7280FCD8-CB63-4D18-B351-81B28642DE92}.Release|Any CPU.ActiveCfg = Release|Any CPU
		{7280FCD8-CB63-4D18-B351-81B28642DE92}.Release|Any CPU.Build.0 = Release|Any CPU
		{3FD48EB5-F96B-4B84-8763-7E90F10ADB67}.Debug|Any CPU.ActiveCfg = Debug|Any CPU
		{3FD48EB5-F96B-4B84-8763-7E90F10ADB67}.Debug|Any CPU.Build.0 = Debug|Any CPU
		{3FD48EB5-F96B-4B84-8763-7E90F10ADB67}.Release|Any CPU.ActiveCfg = Release|Any CPU
		{3FD48EB5-F96B-4B84-8763-7E90F10ADB67}.Release|Any CPU.Build.0 = Release|Any CPU
	EndGlobalSection
	GlobalSection(SolutionProperties) = preSolution
		HideSolutionNode = FALSE
	EndGlobalSection
	GlobalSection(NestedProjects) = preSolution
		{8216BCC6-B44B-4A10-8A61-B0BBA9C95906} = {5A016AE6-9E14-442C-859C-297090009FA8}
		{F6AA9975-C54C-47DE-859B-490F41EB6919} = {5A016AE6-9E14-442C-859C-297090009FA8}
		{91332CF1-6B9A-40B7-A602-55DD530B5B34} = {5A016AE6-9E14-442C-859C-297090009FA8}
		{8544A4EA-E322-4329-A5D4-7876D6F0ADD1} = {5A016AE6-9E14-442C-859C-297090009FA8}
		{F85AFB03-DBD5-4DCD-9E30-A7E4F6FBA8F6} = {6DAD671D-B4A2-4333-BC62-35FD38BBEA1F}
		{5D46D904-4F15-458E-83B3-ED4584A382A2} = {6DAD671D-B4A2-4333-BC62-35FD38BBEA1F}
		{8D03C6CE-0CB5-4A92-AA4E-314CBAEFF898} = {6DAD671D-B4A2-4333-BC62-35FD38BBEA1F}
		{65267B00-8DF4-4AF3-AC9E-3B6E78D42B69} = {6DAD671D-B4A2-4333-BC62-35FD38BBEA1F}
		{8861D4A2-6707-441D-9628-8D18AA428AD7} = {7FAC0EA0-BB71-408E-982E-F3678FC550AE}
		{A3ACD97F-EA1D-4263-9C07-13DA15750FE1} = {7FAC0EA0-BB71-408E-982E-F3678FC550AE}
		{D677940D-5225-4D05-9C08-41E1478B2F7F} = {7FAC0EA0-BB71-408E-982E-F3678FC550AE}
		{004423EE-CEC0-4482-806F-15348C437DF3} = {7FAC0EA0-BB71-408E-982E-F3678FC550AE}
		{74D8EA50-F3E7-4941-A653-2824E1450517} = {D677940D-5225-4D05-9C08-41E1478B2F7F}
		{B7EBCEB3-3815-48E1-8C95-292482D794AD} = {8D03C6CE-0CB5-4A92-AA4E-314CBAEFF898}
		{5EF7A0D9-108E-412C-A30E-72B0323C359F} = {91332CF1-6B9A-40B7-A602-55DD530B5B34}
		{7F450639-999D-4CA4-96CA-1CC3BD82A263} = {D677940D-5225-4D05-9C08-41E1478B2F7F}
		{D502272B-C231-439A-8561-1EE4D0D93A94} = {8D03C6CE-0CB5-4A92-AA4E-314CBAEFF898}
		{A0CDDDBB-A7C9-4E3D-8B89-8B83AE11BE55} = {91332CF1-6B9A-40B7-A602-55DD530B5B34}
		{DEE1CD8C-0230-49F4-83B5-DC94F52277CC} = {5D46D904-4F15-458E-83B3-ED4584A382A2}
		{55963E98-A6A4-4E7A-8C30-64AE8B973EDC} = {F6AA9975-C54C-47DE-859B-490F41EB6919}
		{1BB5316F-E827-41B1-9640-6E12F4CDF1EE} = {8216BCC6-B44B-4A10-8A61-B0BBA9C95906}
		{0A605ACB-CEB5-4E42-A235-C2A2042D4C11} = {F85AFB03-DBD5-4DCD-9E30-A7E4F6FBA8F6}
		{2153C5CB-33B3-4AEA-A334-56594C53A297} = {8861D4A2-6707-441D-9628-8D18AA428AD7}
		{0F340F9F-1D01-4CE0-A5B4-3BB5F76CBF1E} = {8544A4EA-E322-4329-A5D4-7876D6F0ADD1}
		{54B11012-89CA-4CBC-A33A-066D43136A58} = {65267B00-8DF4-4AF3-AC9E-3B6E78D42B69}
		{479255F8-05CC-4717-9EE9-055E83A17F30} = {004423EE-CEC0-4482-806F-15348C437DF3}
		{9715F02A-A4ED-4AA2-8FB7-689F1B66C6FE} = {479255F8-05CC-4717-9EE9-055E83A17F30}
		{BA25A65D-7754-4885-851E-00B792EF1CED} = {54B11012-89CA-4CBC-A33A-066D43136A58}
		{AD98CFC3-A812-498D-B6BA-08DA23F2B733} = {0F340F9F-1D01-4CE0-A5B4-3BB5F76CBF1E}
		{85B63274-B486-4544-8714-C1FE9A3E2E0A} = {479255F8-05CC-4717-9EE9-055E83A17F30}
		{7280FCD8-CB63-4D18-B351-81B28642DE92} = {54B11012-89CA-4CBC-A33A-066D43136A58}
		{3FD48EB5-F96B-4B84-8763-7E90F10ADB67} = {0F340F9F-1D01-4CE0-A5B4-3BB5F76CBF1E}
	EndGlobalSection
	GlobalSection(ExtensibilityGlobals) = postSolution
		SolutionGuid = {6F8097F8-97C9-429A-A980-C08B3CBC588B}
	EndGlobalSection
EndGlobal
